{
  "name": "open-historia-basemaps",
  "lockfileVersion": 3,
  "requires": true,
  "packages": {
    "": {
      "name": "open-historia-basemaps",
      "license": "AGPL-3.0-or-later",
      "dependencies": {
        "pmtiles": "4.4.0"
      }
    },
    "node_modules/fflate": {
      "version": "0.8.3",
      "resolved": "https://registry.npmjs.org/fflate/-/fflate-0.8.3.tgz",
      "integrity": "sha512-tbZNuJrLwGUp3zshBtdy4W+ORxZuIh8a5ilyIEQDC5rY1f3U20JMry0Ll3WBzU58EZKsEuJFXhb5gwv8CsPvgA==",
      "license": "MIT"
    },
    "node_modules/pmtiles": {
      "version": "4.4.0",
      "resolved": "https://registry.npmjs.org/pmtiles/-/pmtiles-4.4.0.tgz",
      "integrity": "sha512-tCLI1C5134MR54i8izUWhse0QUtO/EC33n9yWp1N5dYLLvyc197U0fkF5gAJhq1TdWO9Tvl+9hgvFvM0fR27Zg==",
      "license": "BSD-3-Clause",
      "dependencies": {
        "fflate": "^0.8.2"
      }
    }
  }
}
